
Microsoft Visual Studio Solution File, Format Version 11.00
# Visual Studio 2010
Project("{FAE04EC0-301F-11D3-BF4B-00C04F79EFBC}") = "Highstock.Web.Mvc", "Highstock.Web.Mvc.csproj", "{FD9C1D4F-DCDA-4DC4-BA3F-64AB8936498D}"
EndProject
Global
	GlobalSection(SolutionConfigurationPlatforms) = preSolution
		Debug|Any CPU = Debug|Any CPU
		Release|Any CPU = Release|Any CPU
	EndGlobalSection
	GlobalSection(ProjectConfigurationPlatforms) = postSolution
		{FD9C1D4F-DCDA-4DC4-BA3F-64AB8936498D}.Debug|Any CPU.ActiveCfg = Debug|Any CPU
		{FD9C1D4F-DCDA-4DC4-BA3F-64AB8936498D}.Debug|Any CPU.Build.0 = Debug|Any CPU
		{FD9C1D4F-DCDA-4DC4-BA3F-64AB8936498D}.Release|Any CPU.ActiveCfg = Release|Any CPU
		{FD9C1D4F-DCDA-4DC4-BA3F-64AB8936498D}.Release|Any CPU.Build.0 = Release|Any CPU
	EndGlobalSection
	GlobalSection(SolutionProperties) = preSolution
		HideSolutionNode = FALSE
	EndGlobalSection
EndGlobal
